{
  "name": "scripts",
  "lockfileVersion": 3,
  "requires": true,
  "packages": {
    "": {
      "dependencies": {
        "@harmoniclabs/blockfrost-pluts": "^0.1.13",
        "@harmoniclabs/plu-ts": "^0.8.0-dev6",
        "@harmoniclabs/uint8array-utils": "^1.0.0",
        "bip39": "^3.1.0",
        "dotenv": "^16.4.5"
      },
      "devDependencies": {
        "@types/node": "^20.14.11"
      }
    },
    "node_modules/@harmoniclabs/bigint-utils": {
      "version": "1.0.0",
      "resolved": "https://registry.npmjs.org/@harmoniclabs/bigint-utils/-/bigint-utils-1.0.0.tgz",
      "integrity": "sha512-OhZMHcdtH2hHKMlxWFHf71PmKHdoi9ARpjS9mUu0/cd8VWDDjT7VQoQwC5NN/68iyO4O5Dojrvrp9tjG5BDABA==",
      "dependencies": {
        "@harmoniclabs/uint8array-utils": "^1.0.0"
      }
    },
    "node_modules/@harmoniclabs/biguint": {
      "version": "1.0.0",
      "resolved": "https://registry.npmjs.org/@harmoniclabs/biguint/-/biguint-1.0.0.tgz",
      "integrity": "sha512-5DyCIBDL4W+7ffR1IJSbGrCG4xEYxAlFH5gCNF42qtyL5ltwZ92Ae1MyXpHM2TUPy7ocSTqlLUsOdy+SvqVVPw=="
    },
    "node_modules/@harmoniclabs/bip32_ed25519": {
      "version": "0.1.2",
      "resolved": "https://registry.npmjs.org/@harmoniclabs/bip32_ed25519/-/bip32_ed25519-0.1.2.tgz",
      "integrity": "sha512-RuujeTInmTZVcjBLAXi+LvT6F+6w16ANyZ9qZDl2xCDTKzavD3UcHt2ITte2Q3Nd3i9viN7PeaTRKDYgWh/I1w==",
      "dependencies": {
        "@harmoniclabs/crypto": "^0.2.4",
        "@harmoniclabs/uint8array-utils": "^1.0.0"
      }
    },
    "node_modules/@harmoniclabs/bitstream": {
      "version": "1.0.0",
      "resolved": "https://registry.npmjs.org/@harmoniclabs/bitstream/-/bitstream-1.0.0.tgz",
      "integrity": "sha512-Ed/I46IuCiytE5QiMmmUo9kPJcypM7OuUqoRaAXUALL5C6LKLpT6kYE1qeuhLkx2/WvkHT18jcOX6jhM/nmqoA==",
      "dependencies": {
        "@harmoniclabs/uint8array-utils": "^1.0.0"
      }
    },
    "node_modules/@harmoniclabs/blockfrost-pluts": {
      "version": "0.1.13",
      "resolved": "https://registry.npmjs.org/@harmoniclabs/blockfrost-pluts/-/blockfrost-pluts-0.1.13.tgz",
      "integrity": "sha512-G1pjpN+vboxCQtxcu7yctx52ZCLQe6XHHbXWbLAW2jVtpnTcrHIJ4hb+x7SaX0VL1OsMlgwGI6o0GwUlpP3ZMQ==",
      "dependencies": {
        "@harmoniclabs/cardano-costmodels-ts": "^1.1.0",
        "@harmoniclabs/crypto": "^0.2.4",
        "@harmoniclabs/obj-utils": "^1.0.0",
        "@harmoniclabs/uint8array-utils": "^1.0.0"
      },
      "funding": {
        "url": "https://github.com/sponsors/HarmonicLabs"
      },
      "peerDependencies": {
        "@harmoniclabs/bytestring": "^1.0.0",
        "@harmoniclabs/cardano-ledger-ts": "^0.2.0-dev6",
        "@harmoniclabs/cbor": "^1.3.0",
        "@harmoniclabs/plu-ts-offchain": "0.1.13-dev3",
        "@harmoniclabs/plutus-data": "^1.2.4"
      }
    },
    "node_modules/@harmoniclabs/bytestring": {
      "version": "1.0.0",
      "resolved": "https://registry.npmjs.org/@harmoniclabs/bytestring/-/bytestring-1.0.0.tgz",
      "integrity": "sha512-d5m10O0okKc6QNX0pSRriFTkk/kNMnMBGbo5X3kEZwKaXTI4tDVoTZBL7bwbYHwOEdSxWJjVtlO9xtB7ZrYZNg==",
      "dependencies": {
        "@harmoniclabs/uint8array-utils": "^1.0.0"
      }
    },
    "node_modules/@harmoniclabs/cardano-costmodels-ts": {
      "version": "1.1.0",
      "resolved": "https://registry.npmjs.org/@harmoniclabs/cardano-costmodels-ts/-/cardano-costmodels-ts-1.1.0.tgz",
      "integrity": "sha512-RU3W77w3c9DWZf8UYHWcWFTS+k/0hcXEzBjm9p7aTfkuCq3e+nf0Tw2eg0CnGgQo/JyCrzq5fLGUOmHgQ5oSog==",
      "dependencies": {
        "@harmoniclabs/obj-utils": "^1.0.0",
        "@harmoniclabs/uint8array-utils": "^1.0.0"
      },
      "peerDependencies": {
        "@harmoniclabs/cbor": "^1.2.0"
      }
    },
    "node_modules/@harmoniclabs/cardano-ledger-ts": {
      "version": "0.2.2",
      "resolved": "https://registry.npmjs.org/@harmoniclabs/cardano-ledger-ts/-/cardano-ledger-ts-0.2.2.tgz",
      "integrity": "sha512-2BTo9NGxVo5XjOZVaGAuoeSeDMpbQikQwbV6UwG0xhv1NfCoRiiT8NrZiTkx7d0m1U46vThUKgwyRfzVuAY0pg==",
      "dependencies": {
        "@harmoniclabs/bigint-utils": "^1.0.0",
        "@harmoniclabs/crypto": "^0.2.4",
        "@harmoniclabs/obj-utils": "^1.0.0",
        "@harmoniclabs/uint8array-utils": "^1.0.0"
      },
      "funding": {
        "url": "https://github.com/sponsors/HarmonicLabs"
      },
      "peerDependencies": {
        "@harmoniclabs/bip32_ed25519": "^0.1.2",
        "@harmoniclabs/bytestring": "^1.0.0",
        "@harmoniclabs/cardano-costmodels-ts": "^1.1.0",
        "@harmoniclabs/cbor": "^1.2.0",
        "@harmoniclabs/pair": "^1.0.0",
        "@harmoniclabs/plutus-data": "^1.2.4",
        "@harmoniclabs/plutus-machine": "^2.0.0-dev0"
      }
    },
    "node_modules/@harmoniclabs/cbor": {
      "version": "1.3.0",
      "resolved": "https://registry.npmjs.org/@harmoniclabs/cbor/-/cbor-1.3.0.tgz",
      "integrity": "sha512-gzRqqcJL8sulc2/6iqRXZdWUCEeK3A+jwJ88sbVNzgk4IeMFQLSFg4Ck8ZBETu/W/q1zdknjNfJYyH1OxVriQA==",
      "dependencies": {
        "@harmoniclabs/bytestring": "^1.0.0",
        "@harmoniclabs/obj-utils": "^1.0.0",
        "@harmoniclabs/uint8array-utils": "^1.0.0"
      },
      "funding": {
        "url": "https://github.com/sponsors/HarmonicLabs"
      }
    },
    "node_modules/@harmoniclabs/crypto": {
      "version": "0.2.4",
      "resolved": "https://registry.npmjs.org/@harmoniclabs/crypto/-/crypto-0.2.4.tgz",
      "integrity": "sha512-aVehpKFvgbzFn2qCoRHnrUHAB6XxU1YN61+2Tygo7T6oY3zubI0CI8Ydn2ELp2gidUaFzkICOKFZnAfq6Hxa3w==",
      "dependencies": {
        "@harmoniclabs/bitstream": "^1.0.0",
        "@harmoniclabs/uint8array-utils": "^1.0.0"
      }
    },
    "node_modules/@harmoniclabs/obj-utils": {
      "version": "1.0.0",
      "resolved": "https://registry.npmjs.org/@harmoniclabs/obj-utils/-/obj-utils-1.0.0.tgz",
      "integrity": "sha512-EO1bQBZAORrutcP+leP5YNDwNd/9TOE23VEvs3ktniXg6w0knUrLjUIl2Pkcbs/D1VQxqmsNpXho+vaMj00qxA=="
    },
    "node_modules/@harmoniclabs/pair": {
      "version": "1.0.0",
      "resolved": "https://registry.npmjs.org/@harmoniclabs/pair/-/pair-1.0.0.tgz",
      "integrity": "sha512-D9OBowsUsy1LctHxWzd9AngTzoo5x3rBiJ0gu579t41Q23pb+VNx1euEfluUEiaYbgljcl1lb/4D1fFTZd1tRQ=="
    },
    "node_modules/@harmoniclabs/plu-ts": {
      "version": "0.8.0-dev5",
      "resolved": "https://registry.npmjs.org/@harmoniclabs/plu-ts/-/plu-ts-0.8.0-dev5.tgz",
      "integrity": "sha512-Pn73O5ToSrkDM4LRnrnprT7ED1k2ksebGfJ0YY4BXnbktubyJnPKpz0QZ7G5KUJE7vkUVFOpwxDEcHek5vkzHA==",
      "dependencies": {
        "@harmoniclabs/bigint-utils": "^1.0.0",
        "@harmoniclabs/bip32_ed25519": "^0.1.2",
        "@harmoniclabs/bytestring": "^1.0.0",
        "@harmoniclabs/cardano-costmodels-ts": "^1.1.0",
        "@harmoniclabs/cardano-ledger-ts": "^0.2.2",
        "@harmoniclabs/cbor": "^1.3.0",
        "@harmoniclabs/crypto": "^0.2.4",
        "@harmoniclabs/obj-utils": "^1.0.0",
        "@harmoniclabs/pair": "^1.0.0",
        "@harmoniclabs/plu-ts-offchain": "0.1.13-dev6",
        "@harmoniclabs/plu-ts-onchain": "^0.3.0-dev5",
        "@harmoniclabs/plutus-data": "^1.2.4",
        "@harmoniclabs/plutus-machine": "^2.0.0-dev3",
        "@harmoniclabs/uint8array-utils": "^1.0.0",
        "@harmoniclabs/uplc": "^1.2.3"
      },
      "funding": {
        "url": "https://github.com/sponsors/HarmonicLabs"
      }
    },
    "node_modules/@harmoniclabs/plu-ts-offchain": {
      "version": "0.1.13-dev3",
      "resolved": "https://registry.npmjs.org/@harmoniclabs/plu-ts-offchain/-/plu-ts-offchain-0.1.13-dev3.tgz",
      "integrity": "sha512-5fZy+afDNSTMtVaTXXWfNV8wBj1U4xaH12LwP0kwfPy3mcxZS4Ype3hB3O4sQypdsZawclGTzqDLUbTnKoiMjQ==",
      "peer": true,
      "dependencies": {
        "@harmoniclabs/bigint-utils": "^1.0.0",
        "@harmoniclabs/crypto": "^0.2.4",
        "@harmoniclabs/obj-utils": "^1.0.0",
        "@harmoniclabs/uint8array-utils": "^1.0.0"
      },
      "funding": {
        "url": "https://github.com/sponsors/HarmonicLabs"
      },
      "peerDependencies": {
        "@harmoniclabs/bytestring": "^1.0.0",
        "@harmoniclabs/cardano-costmodels-ts": "^1.1.0",
        "@harmoniclabs/cardano-ledger-ts": "^0.2.0-dev6",
        "@harmoniclabs/cbor": "^1.3.0",
        "@harmoniclabs/pair": "^1.0.0",
        "@harmoniclabs/plutus-data": "^1.2.4",
        "@harmoniclabs/plutus-machine": "^2.0.0-dev2",
        "@harmoniclabs/uplc": "^1.2.3"
      }
    },
    "node_modules/@harmoniclabs/plu-ts-onchain": {
      "version": "0.3.0-dev5",
      "resolved": "https://registry.npmjs.org/@harmoniclabs/plu-ts-onchain/-/plu-ts-onchain-0.3.0-dev5.tgz",
      "integrity": "sha512-0NH6dzOr7SzJrN5sPZtQXvcD8Zg4L7RKxmmjcPTs4O2wM6FA7pxaG/gDrANpWlKuibjjUXDCatz3kP6oNxz7lQ==",
      "dependencies": {
        "@harmoniclabs/bigint-utils": "^1.0.0",
        "@harmoniclabs/crypto": "^0.2.4",
        "@harmoniclabs/obj-utils": "^1.0.0",
        "@harmoniclabs/uint8array-utils": "^1.0.0"
      },
      "funding": {
        "url": "https://github.com/sponsors/HarmonicLabs"
      },
      "peerDependencies": {
        "@harmoniclabs/bytestring": "^1.0.0",
        "@harmoniclabs/cardano-costmodels-ts": "^1.1.0",
        "@harmoniclabs/cardano-ledger-ts": "^0.2.2",
        "@harmoniclabs/cbor": "^1.3.0",
        "@harmoniclabs/pair": "^1.0.0",
        "@harmoniclabs/plutus-data": "^1.2.4",
        "@harmoniclabs/plutus-machine": "^2.0.0-dev3",
        "@harmoniclabs/uplc": "^1.2.4"
      }
    },
    "node_modules/@harmoniclabs/plu-ts/node_modules/@harmoniclabs/plu-ts-offchain": {
      "version": "0.1.13-dev6",
      "resolved": "https://registry.npmjs.org/@harmoniclabs/plu-ts-offchain/-/plu-ts-offchain-0.1.13-dev6.tgz",
      "integrity": "sha512-dRqQnR2R3CUobhyQbDce58LpRaEVbSykWdkkwUpAmVCzDmoVf+W4T5iHJ4kzuZopYFaPyeqd+MtfgaOAkuaNHw==",
      "dependencies": {
        "@harmoniclabs/bigint-utils": "^1.0.0",
        "@harmoniclabs/crypto": "^0.2.4",
        "@harmoniclabs/obj-utils": "^1.0.0",
        "@harmoniclabs/uint8array-utils": "^1.0.0"
      },
      "funding": {
        "url": "https://github.com/sponsors/HarmonicLabs"
      },
      "peerDependencies": {
        "@harmoniclabs/bip32_ed25519": "^0.1.2",
        "@harmoniclabs/bytestring": "^1.0.0",
        "@harmoniclabs/cardano-costmodels-ts": "^1.1.0",
        "@harmoniclabs/cardano-ledger-ts": "^0.2.2",
        "@harmoniclabs/cbor": "^1.3.0",
        "@harmoniclabs/pair": "^1.0.0",
        "@harmoniclabs/plutus-data": "^1.2.4",
        "@harmoniclabs/plutus-machine": "^2.0.0-dev3",
        "@harmoniclabs/uplc": "^1.2.3"
      }
    },
    "node_modules/@harmoniclabs/plutus-data": {
      "version": "1.2.4",
      "resolved": "https://registry.npmjs.org/@harmoniclabs/plutus-data/-/plutus-data-1.2.4.tgz",
      "integrity": "sha512-cpr6AnJRultH6PJRDriewHEgNLQs2IGLampZrLjmK5shzTsHICD0yD0Zig9eKdcS7dmY6mlzvSpAJWPGeTxbCA==",
      "dependencies": {
        "@harmoniclabs/biguint": "^1.0.0",
        "@harmoniclabs/crypto": "^0.2.4",
        "@harmoniclabs/uint8array-utils": "^1.0.0"
      },
      "peerDependencies": {
        "@harmoniclabs/bytestring": "^1.0.0",
        "@harmoniclabs/cbor": "^1.3.0"
      }
    },
    "node_modules/@harmoniclabs/plutus-machine": {
      "version": "2.0.0-dev3",
      "resolved": "https://registry.npmjs.org/@harmoniclabs/plutus-machine/-/plutus-machine-2.0.0-dev3.tgz",
      "integrity": "sha512-EfKpN03ocPAwEOiJrmDs/wofpSf/9vVJF/ISXlOgpbBUFKEML0V/peDzSOFOqufiNdPbzEyTlnO7vBW4Awvb2Q==",
      "dependencies": {
        "@harmoniclabs/bigint-utils": "^1.0.0",
        "@harmoniclabs/cardano-costmodels-ts": "^1.1.0",
        "@harmoniclabs/crypto": "^0.2.4",
        "@harmoniclabs/obj-utils": "^1.0.0",
        "@harmoniclabs/uint8array-utils": "^1.0.0"
      },
      "funding": {
        "url": "https://github.com/sponsors/HarmonicLabs"
      },
      "peerDependencies": {
        "@harmoniclabs/bytestring": "^1.0.0",
        "@harmoniclabs/cbor": "^1.3.0",
        "@harmoniclabs/pair": "^1.0.0",
        "@harmoniclabs/plutus-data": "^1.2.4",
        "@harmoniclabs/uplc": "^1.2.3"
      }
    },
    "node_modules/@harmoniclabs/uint8array-utils": {
      "version": "1.0.0",
      "resolved": "https://registry.npmjs.org/@harmoniclabs/uint8array-utils/-/uint8array-utils-1.0.0.tgz",
      "integrity": "sha512-KNlgXCRGjmD3O+LYa3yTe3yKg8WY6C/bLs4Ywbjp7C9ORVxfppZDBd02LeK6jcIf800zadvJp+Bxk9qO+IcAQg=="
    },
    "node_modules/@harmoniclabs/uplc": {
      "version": "1.2.4",
      "resolved": "https://registry.npmjs.org/@harmoniclabs/uplc/-/uplc-1.2.4.tgz",
      "integrity": "sha512-Px6utj94cO/hQd9NJgVQI8zycsbgh3rAzDeLdZ1m52bo++EuU1GL+arWX3JYso3/3uNrnUFuizjrAIISwQe3Fg==",
      "dependencies": {
        "@harmoniclabs/bigint-utils": "^1.0.0",
        "@harmoniclabs/bitstream": "^1.0.0",
        "@harmoniclabs/uint8array-utils": "^1.0.0"
      },
      "funding": {
        "url": "https://github.com/sponsors/HarmonicLabs"
      },
      "peerDependencies": {
        "@harmoniclabs/bytestring": "^1.0.0",
        "@harmoniclabs/cbor": "^1.3.0",
        "@harmoniclabs/crypto": "^0.2.4",
        "@harmoniclabs/pair": "^1.0.0",
        "@harmoniclabs/plutus-data": "^1.2.4"
      }
    },
    "node_modules/@noble/hashes": {
      "version": "1.4.0",
      "resolved": "https://registry.npmjs.org/@noble/hashes/-/hashes-1.4.0.tgz",
      "integrity": "sha512-V1JJ1WTRUqHHrOSh597hURcMqVKVGL/ea3kv0gSnEdsEZ0/+VyPghM1lMNGc00z7CIQorSvbKpuJkxvuHbvdbg==",
      "engines": {
        "node": ">= 16"
      },
      "funding": {
        "url": "https://paulmillr.com/funding/"
      }
    },
    "node_modules/@types/node": {
      "version": "20.14.11",
      "resolved": "https://registry.npmjs.org/@types/node/-/node-20.14.11.tgz",
      "integrity": "sha512-kprQpL8MMeszbz6ojB5/tU8PLN4kesnN8Gjzw349rDlNgsSzg90lAVj3llK99Dh7JON+t9AuscPPFW6mPbTnSA==",
      "dev": true,
      "dependencies": {
        "undici-types": "~5.26.4"
      }
    },
    "node_modules/bip39": {
      "version": "3.1.0",
      "resolved": "https://registry.npmjs.org/bip39/-/bip39-3.1.0.tgz",
      "integrity": "sha512-c9kiwdk45Do5GL0vJMe7tS95VjCii65mYAH7DfWl3uW8AVzXKQVUm64i3hzVybBDMp9r7j9iNxR85+ul8MdN/A==",
      "dependencies": {
        "@noble/hashes": "^1.2.0"
      }
    },
    "node_modules/dotenv": {
      "version": "16.4.5",
      "resolved": "https://registry.npmjs.org/dotenv/-/dotenv-16.4.5.tgz",
      "integrity": "sha512-ZmdL2rui+eB2YwhsWzjInR8LldtZHGDoQ1ugH85ppHKwpUHL7j7rN0Ti9NCnGiQbhaZ11FpR+7ao1dNsmduNUg==",
      "engines": {
        "node": ">=12"
      },
      "funding": {
        "url": "https://dotenvx.com"
      }
    },
    "node_modules/undici-types": {
      "version": "5.26.5",
      "resolved": "https://registry.npmjs.org/undici-types/-/undici-types-5.26.5.tgz",
      "integrity": "sha512-JlCMO+ehdEIKqlFxk6IfVoAUVmgz7cU7zD/h9XZ0qzeosSHmUJVOzSQvvYSYWXkFXC+IfLKSIffhv0sVZup6pA==",
      "dev": true
    }
  }
}
